// !$*UTF8*$!
{
	archiveVersion = 1;
	classes = {
	};
	objectVersion = 50;
	objects = {

/* Begin PBXBuildFile section */
		25094CEA2341CC90008C90FE /* Util.swift in Sources */ = {isa = PBXBuildFile; fileRef = 25094CE92341CC90008C90FE /* Util.swift */; };
		25094CEC2341CCCC008C90FE /* AddController.swift in Sources */ = {isa = PBXBuildFile; fileRef = 25094CEB2341CCCC008C90FE /* AddController.swift */; };
		25094CEE2341CD2F008C90FE /* ToDoTableViewController.swift in Sources */ = {isa = PBXBuildFile; fileRef = 25094CED2341CD2F008C90FE /* ToDoTableViewController.swift */; };
		25094CF12341CD53008C90FE /* SortTableViewController.swift in Sources */ = {isa = PBXBuildFile; fileRef = 25094CEF2341CD53008C90FE /* SortTableViewController.swift */; };
		25094CF22341CD53008C90FE /* SortViewController.swift in Sources */ = {isa = PBXBuildFile; fileRef = 25094CF02341CD53008C90FE /* SortViewController.swift */; };
		25094CF72341CD78008C90FE /* ToDoTableViewCell.xib in Resources */ = {isa = PBXBuildFile; fileRef = 25094CF32341CD78008C90FE /* ToDoTableViewCell.xib */; };
		25094CF82341CD78008C90FE /* ToDoHederTableViewCell.xib in Resources */ = {isa = PBXBuildFile; fileRef = 25094CF42341CD78008C90FE /* ToDoHederTableViewCell.xib */; };
		25094CF92341CD78008C90FE /* ToDoTableViewCell.swift in Sources */ = {isa = PBXBuildFile; fileRef = 25094CF52341CD78008C90FE /* ToDoTableViewCell.swift */; };
		25094CFA2341CD78008C90FE /* ToDoHederTableViewCell.swift in Sources */ = {isa = PBXBuildFile; fileRef = 25094CF62341CD78008C90FE /* ToDoHederTableViewCell.swift */; };
		25094CFD2341CD96008C90FE /* EmptyTableViewCell.swift in Sources */ = {isa = PBXBuildFile; fileRef = 25094CFB2341CD96008C90FE /* EmptyTableViewCell.swift */; };
		25094CFE2341CD96008C90FE /* EmptyTableViewCell.xib in Resources */ = {isa = PBXBuildFile; fileRef = 25094CFC2341CD96008C90FE /* EmptyTableViewCell.xib */; };
		25094D002341CDB9008C90FE /* sort2.storyboard in Resources */ = {isa = PBXBuildFile; fileRef = 25094CFF2341CDB9008C90FE /* sort2.storyboard */; };
		25094D032341CF03008C90FE /* SectionTableViewCell.swift in Sources */ = {isa = PBXBuildFile; fileRef = 25094D012341CF03008C90FE /* SectionTableViewCell.swift */; };
		25094D042341CF03008C90FE /* SectionTableViewCell.xib in Resources */ = {isa = PBXBuildFile; fileRef = 25094D022341CF03008C90FE /* SectionTableViewCell.xib */; };
		25094D0623421CA1008C90FE /* ダウンロード.png in Resources */ = {isa = PBXBuildFile; fileRef = 25094D0523421CA1008C90FE /* ダウンロード.png */; };
		25150C212314DA1F009B656C /* AppDelegate.swift in Sources */ = {isa = PBXBuildFile; fileRef = 25150C202314DA1F009B656C /* AppDelegate.swift */; };
		25150C232314DA1F009B656C /* ViewController.swift in Sources */ = {isa = PBXBuildFile; fileRef = 25150C222314DA1F009B656C /* ViewController.swift */; };
		25150C262314DA1F009B656C /* Main.storyboard in Resources */ = {isa = PBXBuildFile; fileRef = 25150C242314DA1F009B656C /* Main.storyboard */; };
		25150C282314DA22009B656C /* Assets.xcassets in Resources */ = {isa = PBXBuildFile; fileRef = 25150C272314DA22009B656C /* Assets.xcassets */; };
		25150C2B2314DA22009B656C /* LaunchScreen.storyboard in Resources */ = {isa = PBXBuildFile; fileRef = 25150C292314DA22009B656C /* LaunchScreen.storyboard */; };
/* End PBXBuildFile section */

/* Begin PBXFileReference section */
		25094CE92341CC90008C90FE /* Util.swift */ = {isa = PBXFileReference; fileEncoding = 4; lastKnownFileType = sourcecode.swift; path = Util.swift; sourceTree = "<group>"; };
		25094CEB2341CCCC008C90FE /* AddController.swift */ = {isa = PBXFileReference; fileEncoding = 4; lastKnownFileType = sourcecode.swift; path = AddController.swift; sourceTree = "<group>"; };
		25094CED2341CD2F008C90FE /* ToDoTableViewController.swift */ = {isa = PBXFileReference; fileEncoding = 4; lastKnownFileType = sourcecode.swift; path = ToDoTableViewController.swift; sourceTree = "<group>"; };
		25094CEF2341CD53008C90FE /* SortTableViewController.swift */ = {isa = PBXFileReference; fileEncoding = 4; lastKnownFileType = sourcecode.swift; name = SortTableViewController.swift; path = tasklist/SortTableViewController.swift; sourceTree = SOURCE_ROOT; };
		25094CF02341CD53008C90FE /* SortViewController.swift */ = {isa = PBXFileReference; fileEncoding = 4; lastKnownFileType = sourcecode.swift; name = SortViewController.swift; path = tasklist/SortViewController.swift; sourceTree = SOURCE_ROOT; };
		25094CF32341CD78008C90FE /* ToDoTableViewCell.xib */ = {isa = PBXFileReference; fileEncoding = 4; lastKnownFileType = file.xib; name = ToDoTableViewCell.xib; path = tasklist/ToDoTableViewCell.xib; sourceTree = SOURCE_ROOT; };
		25094CF42341CD78008C90FE /* ToDoHederTableViewCell.xib */ = {isa = PBXFileReference; fileEncoding = 4; lastKnownFileType = file.xib; name = ToDoHederTableViewCell.xib; path = tasklist/ToDoHederTableViewCell.xib; sourceTree = SOURCE_ROOT; };
		25094CF52341CD78008C90FE /* ToDoTableViewCell.swift */ = {isa = PBXFileReference; fileEncoding = 4; lastKnownFileType = sourcecode.swift; name = ToDoTableViewCell.swift; path = tasklist/ToDoTableViewCell.swift; sourceTree = SOURCE_ROOT; };
		25094CF62341CD78008C90FE /* ToDoHederTableViewCell.swift */ = {isa = PBXFileReference; fileEncoding = 4; lastKnownFileType = sourcecode.swift; name = ToDoHederTableViewCell.swift; path = tasklist/ToDoHederTableViewCell.swift; sourceTree = SOURCE_ROOT; };
		25094CFB2341CD96008C90FE /* EmptyTableViewCell.swift */ = {isa = PBXFileReference; fileEncoding = 4; lastKnownFileType = sourcecode.swift; name = EmptyTableViewCell.swift; path = "tasklist/Sort View/cell/EmptyTableViewCell.swift"; sourceTree = SOURCE_ROOT; };
		25094CFC2341CD96008C90FE /* EmptyTableViewCell.xib */ = {isa = PBXFileReference; fileEncoding = 4; lastKnownFileType = file.xib; name = EmptyTableViewCell.xib; path = "tasklist/Sort View/cell/EmptyTableViewCell.xib"; sourceTree = SOURCE_ROOT; };
		25094CFF2341CDB9008C90FE /* sort2.storyboard */ = {isa = PBXFileReference; fileEncoding = 4; lastKnownFileType = file.storyboard; name = sort2.storyboard; path = "tasklist/New Group/sort2.storyboard"; sourceTree = SOURCE_ROOT; };
		25094D012341CF03008C90FE /* SectionTableViewCell.swift */ = {isa = PBXFileReference; lastKnownFileType = sourcecode.swift; name = SectionTableViewCell.swift; path = "tasklist/New Group/SectionTableViewCell.swift"; sourceTree = SOURCE_ROOT; };
		25094D022341CF03008C90FE /* SectionTableViewCell.xib */ = {isa = PBXFileReference; lastKnownFileType = file.xib; name = SectionTableViewCell.xib; path = "tasklist/New Group/SectionTableViewCell.xib"; sourceTree = SOURCE_ROOT; };
		25094D0523421CA1008C90FE /* ダウンロード.png */ = {isa = PBXFileReference; lastKnownFileType = image.png; path = "ダウンロード.png"; sourceTree = "<group>"; };
		25150C1D2314DA1F009B656C /* tasklist.app */ = {isa = PBXFileReference; explicitFileType = wrapper.application; includeInIndex = 0; path = tasklist.app; sourceTree = BUILT_PRODUCTS_DIR; };
		25150C202314DA1F009B656C /* AppDelegate.swift */ = {isa = PBXFileReference; lastKnownFileType = sourcecode.swift; path = AppDelegate.swift; sourceTree = "<group>"; };
		25150C222314DA1F009B656C /* ViewController.swift */ = {isa = PBXFileReference; lastKnownFileType = sourcecode.swift; path = ViewController.swift; sourceTree = "<group>"; };
		25150C252314DA1F009B656C /* Base */ = {isa = PBXFileReference; lastKnownFileType = file.storyboard; name = Base; path = Base.lproj/Main.storyboard; sourceTree = "<group>"; };
		25150C272314DA22009B656C /* Assets.xcassets */ = {isa = PBXFileReference; lastKnownFileType = folder.assetcatalog; path = Assets.xcassets; sourceTree = "<group>"; };
		25150C2A2314DA22009B656C /* Base */ = {isa = PBXFileReference; lastKnownFileType = file.storyboard; name = Base; path = Base.lproj/LaunchScreen.storyboard; sourceTree = "<group>"; };
		25150C2C2314DA22009B656C /* Info.plist */ = {isa = PBXFileReference; lastKnownFileType = text.plist.xml; path = Info.plist; sourceTree = "<group>"; };
/* End PBXFileReference section */

/* Begin PBXFrameworksBuildPhase section */
		25150C1A2314DA1F009B656C /* Frameworks */ = {
			isa = PBXFrameworksBuildPhase;
			buildActionMask = 2147483647;
			files = (
			);
			runOnlyForDeploymentPostprocessing = 0;
		};
/* End PBXFrameworksBuildPhase section */

/* Begin PBXGroup section */
		25018B92233DB786008E38B0 /* Sort View */ = {
			isa = PBXGroup;
			children = (
				25094CFF2341CDB9008C90FE /* sort2.storyboard */,
				25094CEF2341CD53008C90FE /* SortTableViewController.swift */,
				25094CF02341CD53008C90FE /* SortViewController.swift */,
				25094D0523421CA1008C90FE /* ダウンロード.png */,
			);
			path = "Sort View";
			sourceTree = "<group>";
		};
		25094CE62341CA09008C90FE /* cell */ = {
			isa = PBXGroup;
			children = (
				25094CFB2341CD96008C90FE /* EmptyTableViewCell.swift */,
				25094CFC2341CD96008C90FE /* EmptyTableViewCell.xib */,
				25094CF62341CD78008C90FE /* ToDoHederTableViewCell.swift */,
				25094CF42341CD78008C90FE /* ToDoHederTableViewCell.xib */,
				25094CF52341CD78008C90FE /* ToDoTableViewCell.swift */,
				25094CF32341CD78008C90FE /* ToDoTableViewCell.xib */,
				25094D012341CF03008C90FE /* SectionTableViewCell.swift */,
				25094D022341CF03008C90FE /* SectionTableViewCell.xib */,
			);
			name = cell;
			path = "New Group/cell";
			sourceTree = "<group>";
		};
		25150C142314DA1F009B656C = {
			isa = PBXGroup;
			children = (
				25150C1F2314DA1F009B656C /* tasklist */,
				25150C1E2314DA1F009B656C /* Products */,
			);
			sourceTree = "<group>";
		};
		25150C1E2314DA1F009B656C /* Products */ = {
			isa = PBXGroup;
			children = (
				25150C1D2314DA1F009B656C /* tasklist.app */,
			);
			name = Products;
			sourceTree = "<group>";
		};
		25150C1F2314DA1F009B656C /* tasklist */ = {
			isa = PBXGroup;
			children = (
				25094CED2341CD2F008C90FE /* ToDoTableViewController.swift */,
				25094CEB2341CCCC008C90FE /* AddController.swift */,
				25094CE92341CC90008C90FE /* Util.swift */,
				25150C242314DA1F009B656C /* Main.storyboard */,
				25018B92233DB786008E38B0 /* Sort View */,
				25094CE62341CA09008C90FE /* cell */,
				25150C202314DA1F009B656C /* AppDelegate.swift */,
				25150C222314DA1F009B656C /* ViewController.swift */,
				25150C272314DA22009B656C /* Assets.xcassets */,
				25150C292314DA22009B656C /* LaunchScreen.storyboard */,
				25150C2C2314DA22009B656C /* Info.plist */,
			);
			path = tasklist;
			sourceTree = "<group>";
		};
/* End PBXGroup section */

/* Begin PBXNativeTarget section */
		25150C1C2314DA1F009B656C /* tasklist */ = {
			isa = PBXNativeTarget;
			buildConfigurationList = 25150C2F2314DA22009B656C /* Build configuration list for PBXNativeTarget "tasklist" */;
			buildPhases = (
				25150C192314DA1F009B656C /* Sources */,
				25150C1A2314DA1F009B656C /* Frameworks */,
				25150C1B2314DA1F009B656C /* Resources */,
			);
			buildRules = (
			);
			dependencies = (
			);
			name = tasklist;
			productName = tasklist;
			productReference = 25150C1D2314DA1F009B656C /* tasklist.app */;
			productType = "com.apple.product-type.application";
		};
/* End PBXNativeTarget section */

/* Begin PBXProject section */
		25150C152314DA1F009B656C /* Project object */ = {
			isa = PBXProject;
			attributes = {
				LastSwiftUpdateCheck = 1010;
				LastUpgradeCheck = 1010;
				ORGANIZATIONNAME = "Eitaro Kurokawa";
				TargetAttributes = {
					25150C1C2314DA1F009B656C = {
						CreatedOnToolsVersion = 10.1;
					};
				};
			};
			buildConfigurationList = 25150C182314DA1F009B656C /* Build configuration list for PBXProject "tasklist" */;
			compatibilityVersion = "Xcode 9.3";
			developmentRegion = en;
			hasScannedForEncodings = 0;
			knownRegions = (
				en,
				Base,
			);
			mainGroup = 25150C142314DA1F009B656C;
			productRefGroup = 25150C1E2314DA1F009B656C /* Products */;
			projectDirPath = "";
			projectRoot = "";
			targets = (
				25150C1C2314DA1F009B656C /* tasklist */,
			);
		};
/* End PBXProject section */

/* Begin PBXResourcesBuildPhase section */
		25150C1B2314DA1F009B656C /* Resources */ = {
			isa = PBXResourcesBuildPhase;
			buildActionMask = 2147483647;
			files = (
				25150C2B2314DA22009B656C /* LaunchScreen.storyboard in Resources */,
				25094D042341CF03008C90FE /* SectionTableViewCell.xib in Resources */,
				25150C282314DA22009B656C /* Assets.xcassets in Resources */,
				25094CF82341CD78008C90FE /* ToDoHederTableViewCell.xib in Resources */,
				25094CFE2341CD96008C90FE /* EmptyTableViewCell.xib in Resources */,
				25094D002341CDB9008C90FE /* sort2.storyboard in Resources */,
				25150C262314DA1F009B656C /* Main.storyboard in Resources */,
				25094CF72341CD78008C90FE /* ToDoTableViewCell.xib in Resources */,
				25094D0623421CA1008C90FE /* ダウンロード.png in Resources */,
			);
			runOnlyForDeploymentPostprocessing = 0;
		};
/* End PBXResourcesBuildPhase section */

/* Begin PBXSourcesBuildPhase section */
		25150C192314DA1F009B656C /* Sources */ = {
			isa = PBXSourcesBuildPhase;
			buildActionMask = 2147483647;
			files = (
				25094CEA2341CC90008C90FE /* Util.swift in Sources */,
				25150C232314DA1F009B656C /* ViewController.swift in Sources */,
				25094CEC2341CCCC008C90FE /* AddController.swift in Sources */,
				25094CFD2341CD96008C90FE /* EmptyTableViewCell.swift in Sources */,
				25094CF92341CD78008C90FE /* ToDoTableViewCell.swift in Sources */,
				25094D032341CF03008C90FE /* SectionTableViewCell.swift in Sources */,
				25094CFA2341CD78008C90FE /* ToDoHederTableViewCell.swift in Sources */,
				25150C212314DA1F009B656C /* AppDelegate.swift in Sources */,
				25094CF22341CD53008C90FE /* SortViewController.swift in Sources */,
				25094CEE2341CD2F008C90FE /* ToDoTableViewController.swift in Sources */,
				25094CF12341CD53008C90FE /* SortTableViewController.swift in Sources */,
			);
			runOnlyForDeploymentPostprocessing = 0;
		};
/* End PBXSourcesBuildPhase section */

/* Begin PBXVariantGroup section */
		25150C242314DA1F009B656C /* Main.storyboard */ = {
			isa = PBXVariantGroup;
			children = (
				25150C252314DA1F009B656C /* Base */,
			);
			name = Main.storyboard;
			sourceTree = "<group>";
		};
		25150C292314DA22009B656C /* LaunchScreen.storyboard */ = {
			isa = PBXVariantGroup;
			children = (
				25150C2A2314DA22009B656C /* Base */,
			);
			name = LaunchScreen.storyboard;
			sourceTree = "<group>";
		};
/* End PBXVariantGroup section */

/* Begin XCBuildConfiguration section */
		25150C2D2314DA22009B656C /* Debug */ = {
			isa = XCBuildConfiguration;
			buildSettings = {
				ALWAYS_SEARCH_USER_PATHS = NO;
				CLANG_ANALYZER_NONNULL = YES;
				CLANG_ANALYZER_NUMBER_OBJECT_CONVERSION = YES_AGGRESSIVE;
				CLANG_CXX_LANGUAGE_STANDARD = "gnu++14";
				CLANG_CXX_LIBRARY = "libc++";
				CLANG_ENABLE_MODULES = YES;
				CLANG_ENABLE_OBJC_ARC = YES;
				CLANG_ENABLE_OBJC_WEAK = YES;
				CLANG_WARN_BLOCK_CAPTURE_AUTORELEASING = YES;
				CLANG_WARN_BOOL_CONVERSION = YES;
				CLANG_WARN_COMMA = YES;
				CLANG_WARN_CONSTANT_CONVERSION = YES;
				CLANG_WARN_DEPRECATED_OBJC_IMPLEMENTATIONS = YES;
				CLANG_WARN_DIRECT_OBJC_ISA_USAGE = YES_ERROR;
				CLANG_WARN_DOCUMENTATION_COMMENTS = YES;
				CLANG_WARN_EMPTY_BODY = YES;
				CLANG_WARN_ENUM_CONVERSION = YES;
				CLANG_WARN_INFINITE_RECURSION = YES;
				CLANG_WARN_INT_CONVERSION = YES;
				CLANG_WARN_NON_LITERAL_NULL_CONVERSION = YES;
				CLANG_WARN_OBJC_IMPLICIT_RETAIN_SELF = YES;
				CLANG_WARN_OBJC_LITERAL_CONVERSION = YES;
				CLANG_WARN_OBJC_ROOT_CLASS = YES_ERROR;
				CLANG_WARN_RANGE_LOOP_ANALYSIS = YES;
				CLANG_WARN_STRICT_PROTOTYPES = YES;
				CLANG_WARN_SUSPICIOUS_MOVE = YES;
				CLANG_WARN_UNGUARDED_AVAILABILITY = YES_AGGRESSIVE;
				CLANG_WARN_UNREACHABLE_CODE = YES;
				CLANG_WARN__DUPLICATE_METHOD_MATCH = YES;
				CODE_SIGN_IDENTITY = "iPhone Developer";
				COPY_PHASE_STRIP = NO;
				DEBUG_INFORMATION_FORMAT = dwarf;
				ENABLE_STRICT_OBJC_MSGSEND = YES;
				ENABLE_TESTABILITY = YES;
				GCC_C_LANGUAGE_STANDARD = gnu11;
				GCC_DYNAMIC_NO_PIC = NO;
				GCC_NO_COMMON_BLOCKS = YES;
				GCC_OPTIMIZATION_LEVEL = 0;
				GCC_PREPROCESSOR_DEFINITIONS = (
					"DEBUG=1",
					"$(inherited)",
				);
				GCC_WARN_64_TO_32_BIT_CONVERSION = YES;
				GCC_WARN_ABOUT_RETURN_TYPE = YES_ERROR;
				GCC_WARN_UNDECLARED_SELECTOR = YES;
				GCC_WARN_UNINITIALIZED_AUTOS = YES_AGGRESSIVE;
				GCC_WARN_UNUSED_FUNCTION = YES;
				GCC_WARN_UNUSED_VARIABLE = YES;
				IPHONEOS_DEPLOYMENT_TARGET = 12.1;
				MTL_ENABLE_DEBUG_INFO = INCLUDE_SOURCE;
				MTL_FAST_MATH = YES;
				ONLY_ACTIVE_ARCH = YES;
				SDKROOT = iphoneos;
				SWIFT_ACTIVE_COMPILATION_CONDITIONS = DEBUG;
				SWIFT_OPTIMIZATION_LEVEL = "-Onone";
			};
			name = Debug;
		};
		25150C2E2314DA22009B656C /* Release */ = {
			isa = XCBuildConfiguration;
			buildSettings = {
				ALWAYS_SEARCH_USER_PATHS = NO;
				CLANG_ANALYZER_NONNULL = YES;
				CLANG_ANALYZER_NUMBER_OBJECT_CONVERSION = YES_AGGRESSIVE;
				CLANG_CXX_LANGUAGE_STANDARD = "gnu++14";
				CLANG_CXX_LIBRARY = "libc++";
				CLANG_ENABLE_MODULES = YES;
				CLANG_ENABLE_OBJC_ARC = YES;
				CLANG_ENABLE_OBJC_WEAK = YES;
				CLANG_WARN_BLOCK_CAPTURE_AUTORELEASING = YES;
				CLANG_WARN_BOOL_CONVERSION = YES;
				CLANG_WARN_COMMA = YES;
				CLANG_WARN_CONSTANT_CONVERSION = YES;
				CLANG_WARN_DEPRECATED_OBJC_IMPLEMENTATIONS = YES;
				CLANG_WARN_DIRECT_OBJC_ISA_USAGE = YES_ERROR;
				CLANG_WARN_DOCUMENTATION_COMMENTS = YES;
				CLANG_WARN_EMPTY_BODY = YES;
				CLANG_WARN_ENUM_CONVERSION = YES;
				CLANG_WARN_INFINITE_RECURSION = YES;
				CLANG_WARN_INT_CONVERSION = YES;
				CLANG_WARN_NON_LITERAL_NULL_CONVERSION = YES;
				CLANG_WARN_OBJC_IMPLICIT_RETAIN_SELF = YES;
				CLANG_WARN_OBJC_LITERAL_CONVERSION = YES;
				CLANG_WARN_OBJC_ROOT_CLASS = YES_ERROR;
				CLANG_WARN_RANGE_LOOP_ANALYSIS = YES;
				CLANG_WARN_STRICT_PROTOTYPES = YES;
				CLANG_WARN_SUSPICIOUS_MOVE = YES;
				CLANG_WARN_UNGUARDED_AVAILABILITY = YES_AGGRESSIVE;
				CLANG_WARN_UNREACHABLE_CODE = YES;
				CLANG_WARN__DUPLICATE_METHOD_MATCH = YES;
				CODE_SIGN_IDENTITY = "iPhone Developer";
				COPY_PHASE_STRIP = NO;
				DEBUG_INFORMATION_FORMAT = "dwarf-with-dsym";
				ENABLE_NS_ASSERTIONS = NO;
				ENABLE_STRICT_OBJC_MSGSEND = YES;
				GCC_C_LANGUAGE_STANDARD = gnu11;
				GCC_NO_COMMON_BLOCKS = YES;
				GCC_WARN_64_TO_32_BIT_CONVERSION = YES;
				GCC_WARN_ABOUT_RETURN_TYPE = YES_ERROR;
				GCC_WARN_UNDECLARED_SELECTOR = YES;
				GCC_WARN_UNINITIALIZED_AUTOS = YES_AGGRESSIVE;
				GCC_WARN_UNUSED_FUNCTION = YES;
				GCC_WARN_UNUSED_VARIABLE = YES;
				IPHONEOS_DEPLOYMENT_TARGET = 12.1;
				MTL_ENABLE_DEBUG_INFO = NO;
				MTL_FAST_MATH = YES;
				SDKROOT = iphoneos;
				SWIFT_COMPILATION_MODE = wholemodule;
				SWIFT_OPTIMIZATION_LEVEL = "-O";
				VALIDATE_PRODUCT = YES;
			};
			name = Release;
		};
		25150C302314DA22009B656C /* Debug */ = {
			isa = XCBuildConfiguration;
			buildSettings = {
				ASSETCATALOG_COMPILER_APPICON_NAME = AppIcon;
				CODE_SIGN_STYLE = Automatic;
				DEVELOPMENT_TEAM = 3V9DP25CU7;
				INFOPLIST_FILE = tasklist/Info.plist;
				LD_RUNPATH_SEARCH_PATHS = (
					"$(inherited)",
					"@executable_path/Frameworks",
				);
				PRODUCT_BUNDLE_IDENTIFIER = "com.nana-music-kurokawa.tasklist";
				PRODUCT_NAME = "$(TARGET_NAME)";
				SWIFT_VERSION = 4.2;
				TARGETED_DEVICE_FAMILY = "1,2";
			};
			name = Debug;
		};
		25150C312314DA22009B656C /* Release */ = {
			isa = XCBuildConfiguration;
			buildSettings = {
				ASSETCATALOG_COMPILER_APPICON_NAME = AppIcon;
				CODE_SIGN_STYLE = Automatic;
				DEVELOPMENT_TEAM = 3V9DP25CU7;
				INFOPLIST_FILE = tasklist/Info.plist;
				LD_RUNPATH_SEARCH_PATHS = (
					"$(inherited)",
					"@executable_path/Frameworks",
				);
				PRODUCT_BUNDLE_IDENTIFIER = "com.nana-music-kurokawa.tasklist";
				PRODUCT_NAME = "$(TARGET_NAME)";
				SWIFT_VERSION = 4.2;
				TARGETED_DEVICE_FAMILY = "1,2";
			};
			name = Release;
		};
/* End XCBuildConfiguration section */

/* Begin XCConfigurationList section */
		25150C182314DA1F009B656C /* Build configuration list for PBXProject "tasklist" */ = {
			isa = XCConfigurationList;
			buildConfigurations = (
				25150C2D2314DA22009B656C /* Debug */,
				25150C2E2314DA22009B656C /* Release */,
			);
			defaultConfigurationIsVisible = 0;
			defaultConfigurationName = Release;
		};
		25150C2F2314DA22009B656C /* Build configuration list for PBXNativeTarget "tasklist" */ = {
			isa = XCConfigurationList;
			buildConfigurations = (
				25150C302314DA22009B656C /* Debug */,
				25150C312314DA22009B656C /* Release */,
			);
			defaultConfigurationIsVisible = 0;
			defaultConfigurationName = Release;
		};
/* End XCConfigurationList section */
	};
	rootObject = 25150C152314DA1F009B656C /* Project object */;
}
